
Microsoft Visual Studio Solution File, Format Version 12.00
# Visual Studio Version 17
VisualStudioVersion = 17.9.34728.123
MinimumVisualStudioVersion = 10.0.40219.1
Project("{9A19103F-16F7-4668-BE54-9A1E7A4F7556}") = "GBLesson4SecurityMarket", "GBLesson4SecurityMarket\GBLesson4SecurityMarket.csproj", "{60A3D60A-440D-411F-A3CC-4F29EB154B17}"
EndProject
Project("{9A19103F-16F7-4668-BE54-9A1E7A4F7556}") = "GBLesson4DTO", "GBLesson4DTO\GBLesson4DTO.csproj", "{AB3DE4E2-366C-4901-B664-3113E1F4EA43}"
EndProject
Global
	GlobalSection(SolutionConfigurationPlatforms) = preSolution
		Debug|Any CPU = Debug|Any CPU
		Release|Any CPU = Release|Any CPU
	EndGlobalSection
	GlobalSection(ProjectConfigurationPlatforms) = postSolution
		{60A3D60A-440D-411F-A3CC-4F29EB154B17}.Debug|Any CPU.ActiveCfg = Debug|Any CPU
		{60A3D60A-440D-411F-A3CC-4F29EB154B17}.Debug|Any CPU.Build.0 = Debug|Any CPU
		{60A3D60A-440D-411F-A3CC-4F29EB154B17}.Release|Any CPU.ActiveCfg = Release|Any CPU
		{60A3D60A-440D-411F-A3CC-4F29EB154B17}.Release|Any CPU.Build.0 = Release|Any CPU
		{AB3DE4E2-366C-4901-B664-3113E1F4EA43}.Debug|Any CPU.ActiveCfg = Debug|Any CPU
		{AB3DE4E2-366C-4901-B664-3113E1F4EA43}.Debug|Any CPU.Build.0 = Debug|Any CPU
		{AB3DE4E2-366C-4901-B664-3113E1F4EA43}.Release|Any CPU.ActiveCfg = Release|Any CPU
		{AB3DE4E2-366C-4901-B664-3113E1F4EA43}.Release|Any CPU.Build.0 = Release|Any CPU
	EndGlobalSection
	GlobalSection(SolutionProperties) = preSolution
		HideSolutionNode = FALSE
	EndGlobalSection
	GlobalSection(ExtensibilityGlobals) = postSolution
		SolutionGuid = {42243209-DF17-455A-A301-5A13BDDDD346}
	EndGlobalSection
EndGlobal
