
Microsoft Visual Studio Solution File, Format Version 12.00
# Visual Studio Version 17
VisualStudioVersion = 17.7.34024.191
MinimumVisualStudioVersion = 10.0.40219.1
Project("{FAE04EC0-301F-11D3-BF4B-00C04F79EFBC}") = "lessonOOP8", "lessonOOP8\lessonOOP8.csproj", "{24F2CCAA-DC28-4543-BD09-16631719C107}"
EndProject
Global
	GlobalSection(SolutionConfigurationPlatforms) = preSolution
		Debug|Any CPU = Debug|Any CPU
		Release|Any CPU = Release|Any CPU
	EndGlobalSection
	GlobalSection(ProjectConfigurationPlatforms) = postSolution
		{24F2CCAA-DC28-4543-BD09-16631719C107}.Debug|Any CPU.ActiveCfg = Debug|Any CPU
		{24F2CCAA-DC28-4543-BD09-16631719C107}.Debug|Any CPU.Build.0 = Debug|Any CPU
		{24F2CCAA-DC28-4543-BD09-16631719C107}.Release|Any CPU.ActiveCfg = Release|Any CPU
		{24F2CCAA-DC28-4543-BD09-16631719C107}.Release|Any CPU.Build.0 = Release|Any CPU
	EndGlobalSection
	GlobalSection(SolutionProperties) = preSolution
		HideSolutionNode = FALSE
	EndGlobalSection
	GlobalSection(ExtensibilityGlobals) = postSolution
		SolutionGuid = {91CAB263-C2AB-4909-9524-5A91ABE85309}
	EndGlobalSection
EndGlobal
